
Microsoft Visual Studio Solution File, Format Version 12.00
# Visual Studio Version 17
VisualStudioVersion = 17.5.002.0
MinimumVisualStudioVersion = 10.0.40219.1
Project("{9A19103F-16F7-4668-BE54-9A1E7A4F7556}") = "GatorRando", "GatorRando\GatorRando.csproj", "{8248B59B-7AD2-4BD6-9A58-9DB3301A4F38}"
EndProject
Global
	GlobalSection(SolutionConfigurationPlatforms) = preSolution
		Debug|Any CPU = Debug|Any CPU
		Release|Any CPU = Release|Any CPU
	EndGlobalSection
	GlobalSection(ProjectConfigurationPlatforms) = postSolution
		{8248B59B-7AD2-4BD6-9A58-9DB3301A4F38}.Debug|Any CPU.ActiveCfg = Debug|Any CPU
		{8248B59B-7AD2-4BD6-9A58-9DB3301A4F38}.Debug|Any CPU.Build.0 = Debug|Any CPU
		{8248B59B-7AD2-4BD6-9A58-9DB3301A4F38}.Release|Any CPU.ActiveCfg = Release|Any CPU
		{8248B59B-7AD2-4BD6-9A58-9DB3301A4F38}.Release|Any CPU.Build.0 = Release|Any CPU
		{F6B0E7F5-0915-4F79-8861-F3250EB07B99}.Debug|Any CPU.ActiveCfg = Debug|Any CPU
		{F6B0E7F5-0915-4F79-8861-F3250EB07B99}.Debug|Any CPU.Build.0 = Debug|Any CPU
		{F6B0E7F5-0915-4F79-8861-F3250EB07B99}.Release|Any CPU.ActiveCfg = Release|Any CPU
		{F6B0E7F5-0915-4F79-8861-F3250EB07B99}.Release|Any CPU.Build.0 = Release|Any CPU
	EndGlobalSection
	GlobalSection(SolutionProperties) = preSolution
		HideSolutionNode = FALSE
	EndGlobalSection
	GlobalSection(ExtensibilityGlobals) = postSolution
		SolutionGuid = {8BD1B6B3-8DCD-420C-868B-2B20DDB49E07}
	EndGlobalSection
EndGlobal
